
Microsoft Visual Studio Solution File, Format Version 12.00
# Visual Studio Version 17
VisualStudioVersion = 17.5.33424.131
MinimumVisualStudioVersion = 10.0.40219.1
Project("{2150E333-8FDC-42A3-9474-1A3956D46DE8}") = "Services", "Services", "{25F80B5F-B5B3-40D3-BB78-8325DE061F12}"
EndProject
Project("{2150E333-8FDC-42A3-9474-1A3956D46DE8}") = "Catalog", "Catalog", "{F4F12F4A-B7FE-425B-B65A-70956EA00DA4}"
EndProject
Project("{9A19103F-16F7-4668-BE54-9A1E7A4F7556}") = "Catalog.API", "Services\Catalog\Catalog.API\Catalog.API.csproj", "{A1C2EBBF-BBFB-453E-9D47-ED04C2680072}"
EndProject
Project("{E53339B2-1760-4266-BCC7-CA923CBCF16C}") = "docker-compose", "docker-compose.dcproj", "{6C68BD61-435C-49A5-8DB9-E930176186DB}"
EndProject
Project("{2150E333-8FDC-42A3-9474-1A3956D46DE8}") = "Basket", "Basket", "{A46AAC1A-C72A-418E-92AA-965A5D06BBCE}"
EndProject
Project("{9A19103F-16F7-4668-BE54-9A1E7A4F7556}") = "Basket.API", "Services\Basket\Basket.API\Basket.API.csproj", "{AC432DA5-C5CF-4314-B93D-958DAE070226}"
EndProject
Project("{2150E333-8FDC-42A3-9474-1A3956D46DE8}") = "Discount", "Discount", "{25873315-7AFF-45E8-B926-8C4E964B5FA8}"
EndProject
Project("{9A19103F-16F7-4668-BE54-9A1E7A4F7556}") = "Discount.API", "Services\Discount\Discount.API\Discount.API.csproj", "{10D335D5-C9E8-45E3-9A52-41E836C77AAD}"
EndProject
Project("{9A19103F-16F7-4668-BE54-9A1E7A4F7556}") = "Discount.Grpc", "Services\Discount\Discount.Grpc\Discount.Grpc.csproj", "{34FFEE7A-241F-4CC8-BCEB-27ADB58AA78D}"
EndProject
Project("{2150E333-8FDC-42A3-9474-1A3956D46DE8}") = "Ordering", "Ordering", "{4D2D3486-9B79-408A-82F6-9CE172F27B58}"
EndProject
Global
	GlobalSection(SolutionConfigurationPlatforms) = preSolution
		Debug|Any CPU = Debug|Any CPU
		Release|Any CPU = Release|Any CPU
	EndGlobalSection
	GlobalSection(ProjectConfigurationPlatforms) = postSolution
		{A1C2EBBF-BBFB-453E-9D47-ED04C2680072}.Debug|Any CPU.ActiveCfg = Debug|Any CPU
		{A1C2EBBF-BBFB-453E-9D47-ED04C2680072}.Debug|Any CPU.Build.0 = Debug|Any CPU
		{A1C2EBBF-BBFB-453E-9D47-ED04C2680072}.Release|Any CPU.ActiveCfg = Release|Any CPU
		{A1C2EBBF-BBFB-453E-9D47-ED04C2680072}.Release|Any CPU.Build.0 = Release|Any CPU
		{6C68BD61-435C-49A5-8DB9-E930176186DB}.Debug|Any CPU.ActiveCfg = Debug|Any CPU
		{6C68BD61-435C-49A5-8DB9-E930176186DB}.Debug|Any CPU.Build.0 = Debug|Any CPU
		{6C68BD61-435C-49A5-8DB9-E930176186DB}.Release|Any CPU.ActiveCfg = Release|Any CPU
		{6C68BD61-435C-49A5-8DB9-E930176186DB}.Release|Any CPU.Build.0 = Release|Any CPU
		{AC432DA5-C5CF-4314-B93D-958DAE070226}.Debug|Any CPU.ActiveCfg = Debug|Any CPU
		{AC432DA5-C5CF-4314-B93D-958DAE070226}.Debug|Any CPU.Build.0 = Debug|Any CPU
		{AC432DA5-C5CF-4314-B93D-958DAE070226}.Release|Any CPU.ActiveCfg = Release|Any CPU
		{AC432DA5-C5CF-4314-B93D-958DAE070226}.Release|Any CPU.Build.0 = Release|Any CPU
		{10D335D5-C9E8-45E3-9A52-41E836C77AAD}.Debug|Any CPU.ActiveCfg = Debug|Any CPU
		{10D335D5-C9E8-45E3-9A52-41E836C77AAD}.Debug|Any CPU.Build.0 = Debug|Any CPU
		{10D335D5-C9E8-45E3-9A52-41E836C77AAD}.Release|Any CPU.ActiveCfg = Release|Any CPU
		{10D335D5-C9E8-45E3-9A52-41E836C77AAD}.Release|Any CPU.Build.0 = Release|Any CPU
		{34FFEE7A-241F-4CC8-BCEB-27ADB58AA78D}.Debug|Any CPU.ActiveCfg = Debug|Any CPU
		{34FFEE7A-241F-4CC8-BCEB-27ADB58AA78D}.Debug|Any CPU.Build.0 = Debug|Any CPU
		{34FFEE7A-241F-4CC8-BCEB-27ADB58AA78D}.Release|Any CPU.ActiveCfg = Release|Any CPU
		{34FFEE7A-241F-4CC8-BCEB-27ADB58AA78D}.Release|Any CPU.Build.0 = Release|Any CPU
	EndGlobalSection
	GlobalSection(SolutionProperties) = preSolution
		HideSolutionNode = FALSE
	EndGlobalSection
	GlobalSection(NestedProjects) = preSolution
		{F4F12F4A-B7FE-425B-B65A-70956EA00DA4} = {25F80B5F-B5B3-40D3-BB78-8325DE061F12}
		{A1C2EBBF-BBFB-453E-9D47-ED04C2680072} = {F4F12F4A-B7FE-425B-B65A-70956EA00DA4}
		{A46AAC1A-C72A-418E-92AA-965A5D06BBCE} = {25F80B5F-B5B3-40D3-BB78-8325DE061F12}
		{AC432DA5-C5CF-4314-B93D-958DAE070226} = {A46AAC1A-C72A-418E-92AA-965A5D06BBCE}
		{25873315-7AFF-45E8-B926-8C4E964B5FA8} = {25F80B5F-B5B3-40D3-BB78-8325DE061F12}
		{10D335D5-C9E8-45E3-9A52-41E836C77AAD} = {25873315-7AFF-45E8-B926-8C4E964B5FA8}
		{34FFEE7A-241F-4CC8-BCEB-27ADB58AA78D} = {25873315-7AFF-45E8-B926-8C4E964B5FA8}
		{4D2D3486-9B79-408A-82F6-9CE172F27B58} = {25F80B5F-B5B3-40D3-BB78-8325DE061F12}
	EndGlobalSection
	GlobalSection(ExtensibilityGlobals) = postSolution
		SolutionGuid = {7C7C0A8F-326F-40FB-B681-BEEF5803F6ED}
	EndGlobalSection
EndGlobal
