
Microsoft Visual Studio Solution File, Format Version 12.00
# Visual Studio Version 17
VisualStudioVersion = 17.5.33424.131
MinimumVisualStudioVersion = 10.0.40219.1
Project("{2150E333-8FDC-42A3-9474-1A3956D46DE8}") = "Services", "Services", "{25F80B5F-B5B3-40D3-BB78-8325DE061F12}"
EndProject
Project("{2150E333-8FDC-42A3-9474-1A3956D46DE8}") = "Catalog", "Catalog", "{F4F12F4A-B7FE-425B-B65A-70956EA00DA4}"
EndProject
Project("{9A19103F-16F7-4668-BE54-9A1E7A4F7556}") = "Catalog.API", "Services\Catalog\Catalog.API\Catalog.API.csproj", "{A1C2EBBF-BBFB-453E-9D47-ED04C2680072}"
EndProject
Project("{E53339B2-1760-4266-BCC7-CA923CBCF16C}") = "docker-compose", "docker-compose.dcproj", "{6C68BD61-435C-49A5-8DB9-E930176186DB}"
EndProject
Project("{2150E333-8FDC-42A3-9474-1A3956D46DE8}") = "Basket", "Basket", "{A46AAC1A-C72A-418E-92AA-965A5D06BBCE}"
EndProject
Project("{9A19103F-16F7-4668-BE54-9A1E7A4F7556}") = "Basket.API", "Services\Basket\Basket.API\Basket.API.csproj", "{AC432DA5-C5CF-4314-B93D-958DAE070226}"
EndProject
Project("{2150E333-8FDC-42A3-9474-1A3956D46DE8}") = "Discount", "Discount", "{25873315-7AFF-45E8-B926-8C4E964B5FA8}"
EndProject
Project("{9A19103F-16F7-4668-BE54-9A1E7A4F7556}") = "Discount.API", "Services\Discount\Discount.API\Discount.API.csproj", "{10D335D5-C9E8-45E3-9A52-41E836C77AAD}"
EndProject
Project("{9A19103F-16F7-4668-BE54-9A1E7A4F7556}") = "Discount.Grpc", "Services\Discount\Discount.Grpc\Discount.Grpc.csproj", "{34FFEE7A-241F-4CC8-BCEB-27ADB58AA78D}"
EndProject
Project("{2150E333-8FDC-42A3-9474-1A3956D46DE8}") = "Ordering", "Ordering", "{4D2D3486-9B79-408A-82F6-9CE172F27B58}"
EndProject
Project("{9A19103F-16F7-4668-BE54-9A1E7A4F7556}") = "Ordering.API", "Services\Ordering\Ordering.API\Ordering.API.csproj", "{350353E4-FF05-40BB-9ABA-9EF735FF1B6F}"
EndProject
Project("{9A19103F-16F7-4668-BE54-9A1E7A4F7556}") = "Ordering.Domain", "Services\Ordering\Ordering.Domain\Ordering.Domain.csproj", "{E6D97B57-509B-499B-AA9F-55039248E9F4}"
EndProject
Project("{9A19103F-16F7-4668-BE54-9A1E7A4F7556}") = "Ordering.Application", "Services\Ordering\Ordering.Application\Ordering.Application.csproj", "{20A2513A-A99E-48BE-A88D-DF5A96943A04}"
EndProject
Project("{9A19103F-16F7-4668-BE54-9A1E7A4F7556}") = "Ordering.Infrastructure", "Services\Ordering\Ordering.Infrastructure\Ordering.Infrastructure.csproj", "{3E1B5167-3114-4A03-BD30-FDECAE220291}"
EndProject
Project("{2150E333-8FDC-42A3-9474-1A3956D46DE8}") = "BuildingBlocks", "BuildingBlocks", "{6432F412-38E9-41B9-B69C-D00C11443E2F}"
EndProject
Project("{2150E333-8FDC-42A3-9474-1A3956D46DE8}") = "EventBus.Messages", "EventBus.Messages", "{C0EEB4A9-D114-4704-A4A7-0A07FAE66987}"
EndProject
Project("{9A19103F-16F7-4668-BE54-9A1E7A4F7556}") = "EventBus.Messages", "BuildingBlocks\EventBus.Messages\EventBus.Messages.csproj", "{5E5E7BB9-2CEA-4BAB-AAF3-489BDFA1D64D}"
EndProject
Project("{2150E333-8FDC-42A3-9474-1A3956D46DE8}") = "ApiGateways", "ApiGateways", "{AC158612-DD38-4840-957D-E0B3B09EBC6F}"
EndProject
Project("{FAE04EC0-301F-11D3-BF4B-00C04F79EFBC}") = "OcelotApiGw", "ApiGateways\OcelotApiGw\OcelotApiGw.csproj", "{A135221B-5BD8-45A5-BFDE-AF8ADF8CBAF8}"
EndProject
Global
	GlobalSection(SolutionConfigurationPlatforms) = preSolution
		Debug|Any CPU = Debug|Any CPU
		Release|Any CPU = Release|Any CPU
	EndGlobalSection
	GlobalSection(ProjectConfigurationPlatforms) = postSolution
		{A1C2EBBF-BBFB-453E-9D47-ED04C2680072}.Debug|Any CPU.ActiveCfg = Debug|Any CPU
		{A1C2EBBF-BBFB-453E-9D47-ED04C2680072}.Debug|Any CPU.Build.0 = Debug|Any CPU
		{A1C2EBBF-BBFB-453E-9D47-ED04C2680072}.Release|Any CPU.ActiveCfg = Release|Any CPU
		{A1C2EBBF-BBFB-453E-9D47-ED04C2680072}.Release|Any CPU.Build.0 = Release|Any CPU
		{6C68BD61-435C-49A5-8DB9-E930176186DB}.Debug|Any CPU.ActiveCfg = Debug|Any CPU
		{6C68BD61-435C-49A5-8DB9-E930176186DB}.Debug|Any CPU.Build.0 = Debug|Any CPU
		{6C68BD61-435C-49A5-8DB9-E930176186DB}.Release|Any CPU.ActiveCfg = Release|Any CPU
		{6C68BD61-435C-49A5-8DB9-E930176186DB}.Release|Any CPU.Build.0 = Release|Any CPU
		{AC432DA5-C5CF-4314-B93D-958DAE070226}.Debug|Any CPU.ActiveCfg = Debug|Any CPU
		{AC432DA5-C5CF-4314-B93D-958DAE070226}.Debug|Any CPU.Build.0 = Debug|Any CPU
		{AC432DA5-C5CF-4314-B93D-958DAE070226}.Release|Any CPU.ActiveCfg = Release|Any CPU
		{AC432DA5-C5CF-4314-B93D-958DAE070226}.Release|Any CPU.Build.0 = Release|Any CPU
		{10D335D5-C9E8-45E3-9A52-41E836C77AAD}.Debug|Any CPU.ActiveCfg = Debug|Any CPU
		{10D335D5-C9E8-45E3-9A52-41E836C77AAD}.Debug|Any CPU.Build.0 = Debug|Any CPU
		{10D335D5-C9E8-45E3-9A52-41E836C77AAD}.Release|Any CPU.ActiveCfg = Release|Any CPU
		{10D335D5-C9E8-45E3-9A52-41E836C77AAD}.Release|Any CPU.Build.0 = Release|Any CPU
		{34FFEE7A-241F-4CC8-BCEB-27ADB58AA78D}.Debug|Any CPU.ActiveCfg = Debug|Any CPU
		{34FFEE7A-241F-4CC8-BCEB-27ADB58AA78D}.Debug|Any CPU.Build.0 = Debug|Any CPU
		{34FFEE7A-241F-4CC8-BCEB-27ADB58AA78D}.Release|Any CPU.ActiveCfg = Release|Any CPU
		{34FFEE7A-241F-4CC8-BCEB-27ADB58AA78D}.Release|Any CPU.Build.0 = Release|Any CPU
		{350353E4-FF05-40BB-9ABA-9EF735FF1B6F}.Debug|Any CPU.ActiveCfg = Debug|Any CPU
		{350353E4-FF05-40BB-9ABA-9EF735FF1B6F}.Debug|Any CPU.Build.0 = Debug|Any CPU
		{350353E4-FF05-40BB-9ABA-9EF735FF1B6F}.Release|Any CPU.ActiveCfg = Release|Any CPU
		{350353E4-FF05-40BB-9ABA-9EF735FF1B6F}.Release|Any CPU.Build.0 = Release|Any CPU
		{E6D97B57-509B-499B-AA9F-55039248E9F4}.Debug|Any CPU.ActiveCfg = Debug|Any CPU
		{E6D97B57-509B-499B-AA9F-55039248E9F4}.Debug|Any CPU.Build.0 = Debug|Any CPU
		{E6D97B57-509B-499B-AA9F-55039248E9F4}.Release|Any CPU.ActiveCfg = Release|Any CPU
		{E6D97B57-509B-499B-AA9F-55039248E9F4}.Release|Any CPU.Build.0 = Release|Any CPU
		{20A2513A-A99E-48BE-A88D-DF5A96943A04}.Debug|Any CPU.ActiveCfg = Debug|Any CPU
		{20A2513A-A99E-48BE-A88D-DF5A96943A04}.Debug|Any CPU.Build.0 = Debug|Any CPU
		{20A2513A-A99E-48BE-A88D-DF5A96943A04}.Release|Any CPU.ActiveCfg = Release|Any CPU
		{20A2513A-A99E-48BE-A88D-DF5A96943A04}.Release|Any CPU.Build.0 = Release|Any CPU
		{3E1B5167-3114-4A03-BD30-FDECAE220291}.Debug|Any CPU.ActiveCfg = Debug|Any CPU
		{3E1B5167-3114-4A03-BD30-FDECAE220291}.Debug|Any CPU.Build.0 = Debug|Any CPU
		{3E1B5167-3114-4A03-BD30-FDECAE220291}.Release|Any CPU.ActiveCfg = Release|Any CPU
		{3E1B5167-3114-4A03-BD30-FDECAE220291}.Release|Any CPU.Build.0 = Release|Any CPU
		{5E5E7BB9-2CEA-4BAB-AAF3-489BDFA1D64D}.Debug|Any CPU.ActiveCfg = Debug|Any CPU
		{5E5E7BB9-2CEA-4BAB-AAF3-489BDFA1D64D}.Debug|Any CPU.Build.0 = Debug|Any CPU
		{5E5E7BB9-2CEA-4BAB-AAF3-489BDFA1D64D}.Release|Any CPU.ActiveCfg = Release|Any CPU
		{5E5E7BB9-2CEA-4BAB-AAF3-489BDFA1D64D}.Release|Any CPU.Build.0 = Release|Any CPU
		{A135221B-5BD8-45A5-BFDE-AF8ADF8CBAF8}.Debug|Any CPU.ActiveCfg = Debug|Any CPU
		{A135221B-5BD8-45A5-BFDE-AF8ADF8CBAF8}.Debug|Any CPU.Build.0 = Debug|Any CPU
		{A135221B-5BD8-45A5-BFDE-AF8ADF8CBAF8}.Release|Any CPU.ActiveCfg = Release|Any CPU
		{A135221B-5BD8-45A5-BFDE-AF8ADF8CBAF8}.Release|Any CPU.Build.0 = Release|Any CPU
	EndGlobalSection
	GlobalSection(SolutionProperties) = preSolution
		HideSolutionNode = FALSE
	EndGlobalSection
	GlobalSection(NestedProjects) = preSolution
		{F4F12F4A-B7FE-425B-B65A-70956EA00DA4} = {25F80B5F-B5B3-40D3-BB78-8325DE061F12}
		{A1C2EBBF-BBFB-453E-9D47-ED04C2680072} = {F4F12F4A-B7FE-425B-B65A-70956EA00DA4}
		{A46AAC1A-C72A-418E-92AA-965A5D06BBCE} = {25F80B5F-B5B3-40D3-BB78-8325DE061F12}
		{AC432DA5-C5CF-4314-B93D-958DAE070226} = {A46AAC1A-C72A-418E-92AA-965A5D06BBCE}
		{25873315-7AFF-45E8-B926-8C4E964B5FA8} = {25F80B5F-B5B3-40D3-BB78-8325DE061F12}
		{10D335D5-C9E8-45E3-9A52-41E836C77AAD} = {25873315-7AFF-45E8-B926-8C4E964B5FA8}
		{34FFEE7A-241F-4CC8-BCEB-27ADB58AA78D} = {25873315-7AFF-45E8-B926-8C4E964B5FA8}
		{4D2D3486-9B79-408A-82F6-9CE172F27B58} = {25F80B5F-B5B3-40D3-BB78-8325DE061F12}
		{350353E4-FF05-40BB-9ABA-9EF735FF1B6F} = {4D2D3486-9B79-408A-82F6-9CE172F27B58}
		{E6D97B57-509B-499B-AA9F-55039248E9F4} = {4D2D3486-9B79-408A-82F6-9CE172F27B58}
		{20A2513A-A99E-48BE-A88D-DF5A96943A04} = {4D2D3486-9B79-408A-82F6-9CE172F27B58}
		{3E1B5167-3114-4A03-BD30-FDECAE220291} = {4D2D3486-9B79-408A-82F6-9CE172F27B58}
		{C0EEB4A9-D114-4704-A4A7-0A07FAE66987} = {6432F412-38E9-41B9-B69C-D00C11443E2F}
		{5E5E7BB9-2CEA-4BAB-AAF3-489BDFA1D64D} = {C0EEB4A9-D114-4704-A4A7-0A07FAE66987}
		{A135221B-5BD8-45A5-BFDE-AF8ADF8CBAF8} = {AC158612-DD38-4840-957D-E0B3B09EBC6F}
	EndGlobalSection
	GlobalSection(ExtensibilityGlobals) = postSolution
		SolutionGuid = {7C7C0A8F-326F-40FB-B681-BEEF5803F6ED}
	EndGlobalSection
EndGlobal
